
Microsoft Visual Studio Solution File, Format Version 12.00
# Visual Studio Version 16
VisualStudioVersion = 16.0.31515.178
MinimumVisualStudioVersion = 10.0.40219.1
Project("{FAE04EC0-301F-11D3-BF4B-00C04F79EFBC}") = "CollectionTest", "CollectionTest\CollectionTest.csproj", "{190CB3D2-C35C-4388-B5F0-C8426ABF5261}"
EndProject
Global
	GlobalSection(SolutionConfigurationPlatforms) = preSolution
		Debug|Any CPU = Debug|Any CPU
		Release|Any CPU = Release|Any CPU
	EndGlobalSection
	GlobalSection(ProjectConfigurationPlatforms) = postSolution
		{190CB3D2-C35C-4388-B5F0-C8426ABF5261}.Debug|Any CPU.ActiveCfg = Debug|Any CPU
		{190CB3D2-C35C-4388-B5F0-C8426ABF5261}.Debug|Any CPU.Build.0 = Debug|Any CPU
		{190CB3D2-C35C-4388-B5F0-C8426ABF5261}.Release|Any CPU.ActiveCfg = Release|Any CPU
		{190CB3D2-C35C-4388-B5F0-C8426ABF5261}.Release|Any CPU.Build.0 = Release|Any CPU
	EndGlobalSection
	GlobalSection(SolutionProperties) = preSolution
		HideSolutionNode = FALSE
	EndGlobalSection
	GlobalSection(ExtensibilityGlobals) = postSolution
		SolutionGuid = {31A11455-FC37-40C5-AC9B-9B5143965CFA}
	EndGlobalSection
EndGlobal
